{
  "nodes": {
    "home-manager": {
      "inputs": {
        "nixpkgs": [
          "nixpkgs"
        ]
      },
      "locked": {
        "lastModified": 1779506708,
        "narHash": "sha256-QOD/CNm196nCJRheux/URi4/HE66fthdOMqCJoPP1Y0=",
        "owner": "nix-community",
        "repo": "home-manager",
        "rev": "3ee51fbdac8c8bdfe1e7e1fcaba6520a563f394f",
        "type": "github"
      },
      "original": {
        "owner": "nix-community",
        "ref": "release-25.11",
        "repo": "home-manager",
        "type": "github"
      }
    },
    "nixpkgs": {
      "locked": {
        "lastModified": 1782847189,
        "narHash": "sha256-twXPFqFsrrY5r28Zh7Homgcp2gUMBgQ6WDS98Q/3xFI=",
        "owner": "nixos",
        "repo": "nixpkgs",
        "rev": "b6018f87da91d19d0ab4cf979885689b469cdd41",
        "type": "github"
      },
      "original": {
        "owner": "nixos",
        "ref": "nixos-25.11",
        "repo": "nixpkgs",
        "type": "github"
      }
    },
    "nixpkgs_2": {
      "locked": {
        "lastModified": 1779560665,
        "narHash": "sha256-tpyBcxPpcQb8ukyNF7DoCwfSY3VPsxHoYwj00Cayv5o=",
        "owner": "NixOS",
        "repo": "nixpkgs",
        "rev": "64c08a7ca051951c8eae34e3e3cb1e202fe36786",
        "type": "github"
      },
      "original": {
        "owner": "NixOS",
        "ref": "nixos-unstable",
        "repo": "nixpkgs",
        "type": "github"
      }
    },
    "nixpkgs_3": {
      "locked": {
        "lastModified": 1765779637,
        "narHash": "sha256-KJ2wa/BLSrTqDjbfyNx70ov/HdgNBCBBSQP3BIzKnv4=",
        "owner": "NixOS",
        "repo": "nixpkgs",
        "rev": "1306659b587dc277866c7b69eb97e5f07864d8c4",
        "type": "github"
      },
      "original": {
        "owner": "NixOS",
        "ref": "nixos-unstable",
        "repo": "nixpkgs",
        "type": "github"
      }
    },
    "playlist-select": {
      "inputs": {
        "nixpkgs": "nixpkgs_2"
      },
      "locked": {
        "lastModified": 1785961358,
        "narHash": "sha256-WUnVuh1QUbOJxw3A2Dos+YPM4S0+MA0TaaV6jxMO6ZU=",
        "owner": "isaacemilien",
        "repo": "playlist-select",
        "rev": "780b7f9b2d25b81a16a6a51db2931f2517198140",
        "type": "github"
      },
      "original": {
        "owner": "isaacemilien",
        "repo": "playlist-select",
        "type": "github"
      }
    },
    "root": {
      "inputs": {
        "home-manager": "home-manager",
        "nixpkgs": "nixpkgs",
        "playlist-select": "playlist-select",
        "tiny-terminal-timer": "tiny-terminal-timer"
      }
    },
    "tiny-terminal-timer": {
      "inputs": {
        "nixpkgs": "nixpkgs_3"
      },
      "locked": {
        "lastModified": 1767049954,
        "narHash": "sha256-IlJytVR3/Y7AKVi/QsqdfN5Kies4NbK+4g/THmfxxB8=",
        "owner": "isaacemilien",
        "repo": "tiny-terminal-timer",
        "rev": "db8a862913931df2b437073fd0a571ac05fa9c90",
        "type": "github"
      },
      "original": {
        "owner": "isaacemilien",
        "repo": "tiny-terminal-timer",
        "type": "github"
      }
    }
  },
  "root": "root",
  "version": 7
}
